
Microsoft Visual Studio Solution File, Format Version 12.00
# Visual Studio Version 17
VisualStudioVersion = 17.0.31912.275
MinimumVisualStudioVersion = 10.0.40219.1
Project("{FAE04EC0-301F-11D3-BF4B-00C04F79EFBC}") = "TI1", "TI1\TI1.csproj", "{DB8E4880-0B65-4FE9-98D6-731F964157FB}"
EndProject
Global
	GlobalSection(SolutionConfigurationPlatforms) = preSolution
		Debug|Any CPU = Debug|Any CPU
		Release|Any CPU = Release|Any CPU
	EndGlobalSection
	GlobalSection(ProjectConfigurationPlatforms) = postSolution
		{DB8E4880-0B65-4FE9-98D6-731F964157FB}.Debug|Any CPU.ActiveCfg = Debug|Any CPU
		{DB8E4880-0B65-4FE9-98D6-731F964157FB}.Debug|Any CPU.Build.0 = Debug|Any CPU
		{DB8E4880-0B65-4FE9-98D6-731F964157FB}.Release|Any CPU.ActiveCfg = Release|Any CPU
		{DB8E4880-0B65-4FE9-98D6-731F964157FB}.Release|Any CPU.Build.0 = Release|Any CPU
	EndGlobalSection
	GlobalSection(SolutionProperties) = preSolution
		HideSolutionNode = FALSE
	EndGlobalSection
	GlobalSection(ExtensibilityGlobals) = postSolution
		SolutionGuid = {61832D79-C73C-4A54-8CDE-BC073D3970DE}
	EndGlobalSection
EndGlobal
